// !$*UTF8*$!
{
	archiveVersion = 1;
	classes = {
	};
	objectVersion = 56;
	objects = {

/* Begin PBXBuildFile section */
		8C7FF9AE2A2F651B009E8834 /* I_Am_Rich_SwiftApp.swift in Sources */ = {isa = PBXBuildFile; fileRef = 8C7FF9AD2A2F651B009E8834 /* I_Am_Rich_SwiftApp.swift */; };
		8C7FF9B02A2F651B009E8834 /* ContentView.swift in Sources */ = {isa = PBXBuildFile; fileRef = 8C7FF9AF2A2F651B009E8834 /* ContentView.swift */; };
		8C7FF9B22A2F651C009E8834 /* Assets.xcassets in Resources */ = {isa = PBXBuildFile; fileRef = 8C7FF9B12A2F651C009E8834 /* Assets.xcassets */; };
		8C7FF9B52A2F651C009E8834 /* Preview Assets.xcassets in Resources */ = {isa = PBXBuildFile; fileRef = 8C7FF9B42A2F651C009E8834 /* Preview Assets.xcassets */; };
		8C7FF9BF2A2F651D009E8834 /* I_Am_Rich_SwiftTests.swift in Sources */ = {isa = PBXBuildFile; fileRef = 8C7FF9BE2A2F651D009E8834 /* I_Am_Rich_SwiftTests.swift */; };
		8C7FF9C92A2F651D009E8834 /* I_Am_Rich_SwiftUITests.swift in Sources */ = {isa = PBXBuildFile; fileRef = 8C7FF9C82A2F651D009E8834 /* I_Am_Rich_SwiftUITests.swift */; };
		8C7FF9CB2A2F651D009E8834 /* I_Am_Rich_SwiftUITestsLaunchTests.swift in Sources */ = {isa = PBXBuildFile; fileRef = 8C7FF9CA2A2F651D009E8834 /* I_Am_Rich_SwiftUITestsLaunchTests.swift */; };
/* End PBXBuildFile section */

/* Begin PBXContainerItemProxy section */
		8C7FF9BB2A2F651D009E8834 /* PBXContainerItemProxy */ = {
			isa = PBXContainerItemProxy;
			containerPortal = 8C7FF9A22A2F651B009E8834 /* Project object */;
			proxyType = 1;
			remoteGlobalIDString = 8C7FF9A92A2F651B009E8834;
			remoteInfo = "I Am Rich Swift";
		};
		8C7FF9C52A2F651D009E8834 /* PBXContainerItemProxy */ = {
			isa = PBXContainerItemProxy;
			containerPortal = 8C7FF9A22A2F651B009E8834 /* Project object */;
			proxyType = 1;
			remoteGlobalIDString = 8C7FF9A92A2F651B009E8834;
			remoteInfo = "I Am Rich Swift";
		};
/* End PBXContainerItemProxy section */

/* Begin PBXFileReference section */
		8C7FF9AA2A2F651B009E8834 /* I Am Rich Swift.app */ = {isa = PBXFileReference; explicitFileType = wrapper.application; includeInIndex = 0; path = "I Am Rich Swift.app"; sourceTree = BUILT_PRODUCTS_DIR; };
		8C7FF9AD2A2F651B009E8834 /* I_Am_Rich_SwiftApp.swift */ = {isa = PBXFileReference; lastKnownFileType = sourcecode.swift; path = I_Am_Rich_SwiftApp.swift; sourceTree = "<group>"; };
		8C7FF9AF2A2F651B009E8834 /* ContentView.swift */ = {isa = PBXFileReference; lastKnownFileType = sourcecode.swift; path = ContentView.swift; sourceTree = "<group>"; };
		8C7FF9B12A2F651C009E8834 /* Assets.xcassets */ = {isa = PBXFileReference; lastKnownFileType = folder.assetcatalog; path = Assets.xcassets; sourceTree = "<group>"; };
		8C7FF9B42A2F651C009E8834 /* Preview Assets.xcassets */ = {isa = PBXFileReference; lastKnownFileType = folder.assetcatalog; path = "Preview Assets.xcassets"; sourceTree = "<group>"; };
		8C7FF9BA2A2F651D009E8834 /* I Am Rich SwiftTests.xctest */ = {isa = PBXFileReference; explicitFileType = wrapper.cfbundle; includeInIndex = 0; path = "I Am Rich SwiftTests.xctest"; sourceTree = BUILT_PRODUCTS_DIR; };
		8C7FF9BE2A2F651D009E8834 /* I_Am_Rich_SwiftTests.swift */ = {isa = PBXFileReference; lastKnownFileType = sourcecode.swift; path = I_Am_Rich_SwiftTests.swift; sourceTree = "<group>"; };
		8C7FF9C42A2F651D009E8834 /* I Am Rich SwiftUITests.xctest */ = {isa = PBXFileReference; explicitFileType = wrapper.cfbundle; includeInIndex = 0; path = "I Am Rich SwiftUITests.xctest"; sourceTree = BUILT_PRODUCTS_DIR; };
		8C7FF9C82A2F651D009E8834 /* I_Am_Rich_SwiftUITests.swift */ = {isa = PBXFileReference; lastKnownFileType = sourcecode.swift; path = I_Am_Rich_SwiftUITests.swift; sourceTree = "<group>"; };
		8C7FF9CA2A2F651D009E8834 /* I_Am_Rich_SwiftUITestsLaunchTests.swift */ = {isa = PBXFileReference; lastKnownFileType = sourcecode.swift; path = I_Am_Rich_SwiftUITestsLaunchTests.swift; sourceTree = "<group>"; };
/* End PBXFileReference section */

/* Begin PBXFrameworksBuildPhase section */
		8C7FF9A72A2F651B009E8834 /* Frameworks */ = {
			isa = PBXFrameworksBuildPhase;
			buildActionMask = 2147483647;
			files = (
			);
			runOnlyForDeploymentPostprocessing = 0;
		};
		8C7FF9B72A2F651D009E8834 /* Frameworks */ = {
			isa = PBXFrameworksBuildPhase;
			buildActionMask = 2147483647;
			files = (
			);
			runOnlyForDeploymentPostprocessing = 0;
		};
		8C7FF9C12A2F651D009E8834 /* Frameworks */ = {
			isa = PBXFrameworksBuildPhase;
			buildActionMask = 2147483647;
			files = (
			);
			runOnlyForDeploymentPostprocessing = 0;
		};
/* End PBXFrameworksBuildPhase section */

/* Begin PBXGroup section */
		8C7FF9A12A2F651B009E8834 = {
			isa = PBXGroup;
			children = (
				8C7FF9AC2A2F651B009E8834 /* I Am Rich Swift */,
				8C7FF9BD2A2F651D009E8834 /* I Am Rich SwiftTests */,
				8C7FF9C72A2F651D009E8834 /* I Am Rich SwiftUITests */,
				8C7FF9AB2A2F651B009E8834 /* Products */,
			);
			sourceTree = "<group>";
		};
		8C7FF9AB2A2F651B009E8834 /* Products */ = {
			isa = PBXGroup;
			children = (
				8C7FF9AA2A2F651B009E8834 /* I Am Rich Swift.app */,
				8C7FF9BA2A2F651D009E8834 /* I Am Rich SwiftTests.xctest */,
				8C7FF9C42A2F651D009E8834 /* I Am Rich SwiftUITests.xctest */,
			);
			name = Products;
			sourceTree = "<group>";
		};
		8C7FF9AC2A2F651B009E8834 /* I Am Rich Swift */ = {
			isa = PBXGroup;
			children = (
				8C7FF9AD2A2F651B009E8834 /* I_Am_Rich_SwiftApp.swift */,
				8C7FF9AF2A2F651B009E8834 /* ContentView.swift */,
				8C7FF9B12A2F651C009E8834 /* Assets.xcassets */,
				8C7FF9B32A2F651C009E8834 /* Preview Content */,
			);
			path = "I Am Rich Swift";
			sourceTree = "<group>";
		};
		8C7FF9B32A2F651C009E8834 /* Preview Content */ = {
			isa = PBXGroup;
			children = (
				8C7FF9B42A2F651C009E8834 /* Preview Assets.xcassets */,
			);
			path = "Preview Content";
			sourceTree = "<group>";
		};
		8C7FF9BD2A2F651D009E8834 /* I Am Rich SwiftTests */ = {
			isa = PBXGroup;
			children = (
				8C7FF9BE2A2F651D009E8834 /* I_Am_Rich_SwiftTests.swift */,
			);
			path = "I Am Rich SwiftTests";
			sourceTree = "<group>";
		};
		8C7FF9C72A2F651D009E8834 /* I Am Rich SwiftUITests */ = {
			isa = PBXGroup;
			children = (
				8C7FF9C82A2F651D009E8834 /* I_Am_Rich_SwiftUITests.swift */,
				8C7FF9CA2A2F651D009E8834 /* I_Am_Rich_SwiftUITestsLaunchTests.swift */,
			);
			path = "I Am Rich SwiftUITests";
			sourceTree = "<group>";
		};
/* End PBXGroup section */

/* Begin PBXNativeTarget section */
		8C7FF9A92A2F651B009E8834 /* I Am Rich Swift */ = {
			isa = PBXNativeTarget;
			buildConfigurationList = 8C7FF9CE2A2F651D009E8834 /* Build configuration list for PBXNativeTarget "I Am Rich Swift" */;
			buildPhases = (
				8C7FF9A62A2F651B009E8834 /* Sources */,
				8C7FF9A72A2F651B009E8834 /* Frameworks */,
				8C7FF9A82A2F651B009E8834 /* Resources */,
			);
			buildRules = (
			);
			dependencies = (
			);
			name = "I Am Rich Swift";
			productName = "I Am Rich Swift";
			productReference = 8C7FF9AA2A2F651B009E8834 /* I Am Rich Swift.app */;
			productType = "com.apple.product-type.application";
		};
		8C7FF9B92A2F651D009E8834 /* I Am Rich SwiftTests */ = {
			isa = PBXNativeTarget;
			buildConfigurationList = 8C7FF9D12A2F651D009E8834 /* Build configuration list for PBXNativeTarget "I Am Rich SwiftTests" */;
			buildPhases = (
				8C7FF9B62A2F651D009E8834 /* Sources */,
				8C7FF9B72A2F651D009E8834 /* Frameworks */,
				8C7FF9B82A2F651D009E8834 /* Resources */,
			);
			buildRules = (
			);
			dependencies = (
				8C7FF9BC2A2F651D009E8834 /* PBXTargetDependency */,
			);
			name = "I Am Rich SwiftTests";
			productName = "I Am Rich SwiftTests";
			productReference = 8C7FF9BA2A2F651D009E8834 /* I Am Rich SwiftTests.xctest */;
			productType = "com.apple.product-type.bundle.unit-test";
		};
		8C7FF9C32A2F651D009E8834 /* I Am Rich SwiftUITests */ = {
			isa = PBXNativeTarget;
			buildConfigurationList = 8C7FF9D42A2F651D009E8834 /* Build configuration list for PBXNativeTarget "I Am Rich SwiftUITests" */;
			buildPhases = (
				8C7FF9C02A2F651D009E8834 /* Sources */,
				8C7FF9C12A2F651D009E8834 /* Frameworks */,
				8C7FF9C22A2F651D009E8834 /* Resources */,
			);
			buildRules = (
			);
			dependencies = (
				8C7FF9C62A2F651D009E8834 /* PBXTargetDependency */,
			);
			name = "I Am Rich SwiftUITests";
			productName = "I Am Rich SwiftUITests";
			productReference = 8C7FF9C42A2F651D009E8834 /* I Am Rich SwiftUITests.xctest */;
			productType = "com.apple.product-type.bundle.ui-testing";
		};
/* End PBXNativeTarget section */

/* Begin PBXProject section */
		8C7FF9A22A2F651B009E8834 /* Project object */ = {
			isa = PBXProject;
			attributes = {
				BuildIndependentTargetsInParallel = 1;
				LastSwiftUpdateCheck = 1430;
				LastUpgradeCheck = 1430;
				TargetAttributes = {
					8C7FF9A92A2F651B009E8834 = {
						CreatedOnToolsVersion = 14.3;
					};
					8C7FF9B92A2F651D009E8834 = {
						CreatedOnToolsVersion = 14.3;
						TestTargetID = 8C7FF9A92A2F651B009E8834;
					};
					8C7FF9C32A2F651D009E8834 = {
						CreatedOnToolsVersion = 14.3;
						TestTargetID = 8C7FF9A92A2F651B009E8834;
					};
				};
			};
			buildConfigurationList = 8C7FF9A52A2F651B009E8834 /* Build configuration list for PBXProject "I Am Rich Swift" */;
			compatibilityVersion = "Xcode 14.0";
			developmentRegion = en;
			hasScannedForEncodings = 0;
			knownRegions = (
				en,
				Base,
			);
			mainGroup = 8C7FF9A12A2F651B009E8834;
			productRefGroup = 8C7FF9AB2A2F651B009E8834 /* Products */;
			projectDirPath = "";
			projectRoot = "";
			targets = (
				8C7FF9A92A2F651B009E8834 /* I Am Rich Swift */,
				8C7FF9B92A2F651D009E8834 /* I Am Rich SwiftTests */,
				8C7FF9C32A2F651D009E8834 /* I Am Rich SwiftUITests */,
			);
		};
/* End PBXProject section */

/* Begin PBXResourcesBuildPhase section */
		8C7FF9A82A2F651B009E8834 /* Resources */ = {
			isa = PBXResourcesBuildPhase;
			buildActionMask = 2147483647;
			files = (
				8C7FF9B52A2F651C009E8834 /* Preview Assets.xcassets in Resources */,
				8C7FF9B22A2F651C009E8834 /* Assets.xcassets in Resources */,
			);
			runOnlyForDeploymentPostprocessing = 0;
		};
		8C7FF9B82A2F651D009E8834 /* Resources */ = {
			isa = PBXResourcesBuildPhase;
			buildActionMask = 2147483647;
			files = (
			);
			runOnlyForDeploymentPostprocessing = 0;
		};
		8C7FF9C22A2F651D009E8834 /* Resources */ = {
			isa = PBXResourcesBuildPhase;
			buildActionMask = 2147483647;
			files = (
			);
			runOnlyForDeploymentPostprocessing = 0;
		};
/* End PBXResourcesBuildPhase section */

/* Begin PBXSourcesBuildPhase section */
		8C7FF9A62A2F651B009E8834 /* Sources */ = {
			isa = PBXSourcesBuildPhase;
			buildActionMask = 2147483647;
			files = (
				8C7FF9B02A2F651B009E8834 /* ContentView.swift in Sources */,
				8C7FF9AE2A2F651B009E8834 /* I_Am_Rich_SwiftApp.swift in Sources */,
			);
			runOnlyForDeploymentPostprocessing = 0;
		};
		8C7FF9B62A2F651D009E8834 /* Sources */ = {
			isa = PBXSourcesBuildPhase;
			buildActionMask = 2147483647;
			files = (
				8C7FF9BF2A2F651D009E8834 /* I_Am_Rich_SwiftTests.swift in Sources */,
			);
			runOnlyForDeploymentPostprocessing = 0;
		};
		8C7FF9C02A2F651D009E8834 /* Sources */ = {
			isa = PBXSourcesBuildPhase;
			buildActionMask = 2147483647;
			files = (
				8C7FF9CB2A2F651D009E8834 /* I_Am_Rich_SwiftUITestsLaunchTests.swift in Sources */,
				8C7FF9C92A2F651D009E8834 /* I_Am_Rich_SwiftUITests.swift in Sources */,
			);
			runOnlyForDeploymentPostprocessing = 0;
		};
/* End PBXSourcesBuildPhase section */

/* Begin PBXTargetDependency section */
		8C7FF9BC2A2F651D009E8834 /* PBXTargetDependency */ = {
			isa = PBXTargetDependency;
			target = 8C7FF9A92A2F651B009E8834 /* I Am Rich Swift */;
			targetProxy = 8C7FF9BB2A2F651D009E8834 /* PBXContainerItemProxy */;
		};
		8C7FF9C62A2F651D009E8834 /* PBXTargetDependency */ = {
			isa = PBXTargetDependency;
			target = 8C7FF9A92A2F651B009E8834 /* I Am Rich Swift */;
			targetProxy = 8C7FF9C52A2F651D009E8834 /* PBXContainerItemProxy */;
		};
/* End PBXTargetDependency section */

/* Begin XCBuildConfiguration section */
		8C7FF9CC2A2F651D009E8834 /* Debug */ = {
			isa = XCBuildConfiguration;
			buildSettings = {
				ALWAYS_SEARCH_USER_PATHS = NO;
				CLANG_ANALYZER_NONNULL = YES;
				CLANG_ANALYZER_NUMBER_OBJECT_CONVERSION = YES_AGGRESSIVE;
				CLANG_CXX_LANGUAGE_STANDARD = "gnu++20";
				CLANG_ENABLE_MODULES = YES;
				CLANG_ENABLE_OBJC_ARC = YES;
				CLANG_ENABLE_OBJC_WEAK = YES;
				CLANG_WARN_BLOCK_CAPTURE_AUTORELEASING = YES;
				CLANG_WARN_BOOL_CONVERSION = YES;
				CLANG_WARN_COMMA = YES;
				CLANG_WARN_CONSTANT_CONVERSION = YES;
				CLANG_WARN_DEPRECATED_OBJC_IMPLEMENTATIONS = YES;
				CLANG_WARN_DIRECT_OBJC_ISA_USAGE = YES_ERROR;
				CLANG_WARN_DOCUMENTATION_COMMENTS = YES;
				CLANG_WARN_EMPTY_BODY = YES;
				CLANG_WARN_ENUM_CONVERSION = YES;
				CLANG_WARN_INFINITE_RECURSION = YES;
				CLANG_WARN_INT_CONVERSION = YES;
				CLANG_WARN_NON_LITERAL_NULL_CONVERSION = YES;
				CLANG_WARN_OBJC_IMPLICIT_RETAIN_SELF = YES;
				CLANG_WARN_OBJC_LITERAL_CONVERSION = YES;
				CLANG_WARN_OBJC_ROOT_CLASS = YES_ERROR;
				CLANG_WARN_QUOTED_INCLUDE_IN_FRAMEWORK_HEADER = YES;
				CLANG_WARN_RANGE_LOOP_ANALYSIS = YES;
				CLANG_WARN_STRICT_PROTOTYPES = YES;
				CLANG_WARN_SUSPICIOUS_MOVE = YES;
				CLANG_WARN_UNGUARDED_AVAILABILITY = YES_AGGRESSIVE;
				CLANG_WARN_UNREACHABLE_CODE = YES;
				CLANG_WARN__DUPLICATE_METHOD_MATCH = YES;
				COPY_PHASE_STRIP = NO;
				DEBUG_INFORMATION_FORMAT = dwarf;
				ENABLE_STRICT_OBJC_MSGSEND = YES;
				ENABLE_TESTABILITY = YES;
				GCC_C_LANGUAGE_STANDARD = gnu11;
				GCC_DYNAMIC_NO_PIC = NO;
				GCC_NO_COMMON_BLOCKS = YES;
				GCC_OPTIMIZATION_LEVEL = 0;
				GCC_PREPROCESSOR_DEFINITIONS = (
					"DEBUG=1",
					"$(inherited)",
				);
				GCC_WARN_64_TO_32_BIT_CONVERSION = YES;
				GCC_WARN_ABOUT_RETURN_TYPE = YES_ERROR;
				GCC_WARN_UNDECLARED_SELECTOR = YES;
				GCC_WARN_UNINITIALIZED_AUTOS = YES_AGGRESSIVE;
				GCC_WARN_UNUSED_FUNCTION = YES;
				GCC_WARN_UNUSED_VARIABLE = YES;
				IPHONEOS_DEPLOYMENT_TARGET = 16.4;
				MTL_ENABLE_DEBUG_INFO = INCLUDE_SOURCE;
				MTL_FAST_MATH = YES;
				ONLY_ACTIVE_ARCH = YES;
				SDKROOT = iphoneos;
				SWIFT_ACTIVE_COMPILATION_CONDITIONS = DEBUG;
				SWIFT_OPTIMIZATION_LEVEL = "-Onone";
			};
			name = Debug;
		};
		8C7FF9CD2A2F651D009E8834 /* Release */ = {
			isa = XCBuildConfiguration;
			buildSettings = {
				ALWAYS_SEARCH_USER_PATHS = NO;
				CLANG_ANALYZER_NONNULL = YES;
				CLANG_ANALYZER_NUMBER_OBJECT_CONVERSION = YES_AGGRESSIVE;
				CLANG_CXX_LANGUAGE_STANDARD = "gnu++20";
				CLANG_ENABLE_MODULES = YES;
				CLANG_ENABLE_OBJC_ARC = YES;
				CLANG_ENABLE_OBJC_WEAK = YES;
				CLANG_WARN_BLOCK_CAPTURE_AUTORELEASING = YES;
				CLANG_WARN_BOOL_CONVERSION = YES;
				CLANG_WARN_COMMA = YES;
				CLANG_WARN_CONSTANT_CONVERSION = YES;
				CLANG_WARN_DEPRECATED_OBJC_IMPLEMENTATIONS = YES;
				CLANG_WARN_DIRECT_OBJC_ISA_USAGE = YES_ERROR;
				CLANG_WARN_DOCUMENTATION_COMMENTS = YES;
				CLANG_WARN_EMPTY_BODY = YES;
				CLANG_WARN_ENUM_CONVERSION = YES;
				CLANG_WARN_INFINITE_RECURSION = YES;
				CLANG_WARN_INT_CONVERSION = YES;
				CLANG_WARN_NON_LITERAL_NULL_CONVERSION = YES;
				CLANG_WARN_OBJC_IMPLICIT_RETAIN_SELF = YES;
				CLANG_WARN_OBJC_LITERAL_CONVERSION = YES;
				CLANG_WARN_OBJC_ROOT_CLASS = YES_ERROR;
				CLANG_WARN_QUOTED_INCLUDE_IN_FRAMEWORK_HEADER = YES;
				CLANG_WARN_RANGE_LOOP_ANALYSIS = YES;
				CLANG_WARN_STRICT_PROTOTYPES = YES;
				CLANG_WARN_SUSPICIOUS_MOVE = YES;
				CLANG_WARN_UNGUARDED_AVAILABILITY = YES_AGGRESSIVE;
				CLANG_WARN_UNREACHABLE_CODE = YES;
				CLANG_WARN__DUPLICATE_METHOD_MATCH = YES;
				COPY_PHASE_STRIP = NO;
				DEBUG_INFORMATION_FORMAT = "dwarf-with-dsym";
				ENABLE_NS_ASSERTIONS = NO;
				ENABLE_STRICT_OBJC_MSGSEND = YES;
				GCC_C_LANGUAGE_STANDARD = gnu11;
				GCC_NO_COMMON_BLOCKS = YES;
				GCC_WARN_64_TO_32_BIT_CONVERSION = YES;
				GCC_WARN_ABOUT_RETURN_TYPE = YES_ERROR;
				GCC_WARN_UNDECLARED_SELECTOR = YES;
				GCC_WARN_UNINITIALIZED_AUTOS = YES_AGGRESSIVE;
				GCC_WARN_UNUSED_FUNCTION = YES;
				GCC_WARN_UNUSED_VARIABLE = YES;
				IPHONEOS_DEPLOYMENT_TARGET = 16.4;
				MTL_ENABLE_DEBUG_INFO = NO;
				MTL_FAST_MATH = YES;
				SDKROOT = iphoneos;
				SWIFT_COMPILATION_MODE = wholemodule;
				SWIFT_OPTIMIZATION_LEVEL = "-O";
				VALIDATE_PRODUCT = YES;
			};
			name = Release;
		};
		8C7FF9CF2A2F651D009E8834 /* Debug */ = {
			isa = XCBuildConfiguration;
			buildSettings = {
				ASSETCATALOG_COMPILER_APPICON_NAME = AppIcon;
				ASSETCATALOG_COMPILER_GLOBAL_ACCENT_COLOR_NAME = AccentColor;
				CODE_SIGN_STYLE = Automatic;
				CURRENT_PROJECT_VERSION = 1;
				DEVELOPMENT_ASSET_PATHS = "\"I Am Rich Swift/Preview Content\"";
				ENABLE_PREVIEWS = YES;
				GENERATE_INFOPLIST_FILE = YES;
				INFOPLIST_KEY_UIApplicationSceneManifest_Generation = YES;
				INFOPLIST_KEY_UIApplicationSupportsIndirectInputEvents = YES;
				INFOPLIST_KEY_UILaunchScreen_Generation = YES;
				INFOPLIST_KEY_UISupportedInterfaceOrientations_iPad = "UIInterfaceOrientationPortrait UIInterfaceOrientationPortraitUpsideDown UIInterfaceOrientationLandscapeLeft UIInterfaceOrientationLandscapeRight";
				INFOPLIST_KEY_UISupportedInterfaceOrientations_iPhone = "UIInterfaceOrientationPortrait UIInterfaceOrientationLandscapeLeft UIInterfaceOrientationLandscapeRight";
				LD_RUNPATH_SEARCH_PATHS = (
					"$(inherited)",
					"@executable_path/Frameworks",
				);
				MARKETING_VERSION = 1.0;
				PRODUCT_BUNDLE_IDENTIFIER = "Utsav.I-Am-Rich-Swift";
				PRODUCT_NAME = "$(TARGET_NAME)";
				SWIFT_EMIT_LOC_STRINGS = YES;
				SWIFT_VERSION = 5.0;
				TARGETED_DEVICE_FAMILY = "1,2";
			};
			name = Debug;
		};
		8C7FF9D02A2F651D009E8834 /* Release */ = {
			isa = XCBuildConfiguration;
			buildSettings = {
				ASSETCATALOG_COMPILER_APPICON_NAME = AppIcon;
				ASSETCATALOG_COMPILER_GLOBAL_ACCENT_COLOR_NAME = AccentColor;
				CODE_SIGN_STYLE = Automatic;
				CURRENT_PROJECT_VERSION = 1;
				DEVELOPMENT_ASSET_PATHS = "\"I Am Rich Swift/Preview Content\"";
				ENABLE_PREVIEWS = YES;
				GENERATE_INFOPLIST_FILE = YES;
				INFOPLIST_KEY_UIApplicationSceneManifest_Generation = YES;
				INFOPLIST_KEY_UIApplicationSupportsIndirectInputEvents = YES;
				INFOPLIST_KEY_UILaunchScreen_Generation = YES;
				INFOPLIST_KEY_UISupportedInterfaceOrientations_iPad = "UIInterfaceOrientationPortrait UIInterfaceOrientationPortraitUpsideDown UIInterfaceOrientationLandscapeLeft UIInterfaceOrientationLandscapeRight";
				INFOPLIST_KEY_UISupportedInterfaceOrientations_iPhone = "UIInterfaceOrientationPortrait UIInterfaceOrientationLandscapeLeft UIInterfaceOrientationLandscapeRight";
				LD_RUNPATH_SEARCH_PATHS = (
					"$(inherited)",
					"@executable_path/Frameworks",
				);
				MARKETING_VERSION = 1.0;
				PRODUCT_BUNDLE_IDENTIFIER = "Utsav.I-Am-Rich-Swift";
				PRODUCT_NAME = "$(TARGET_NAME)";
				SWIFT_EMIT_LOC_STRINGS = YES;
				SWIFT_VERSION = 5.0;
				TARGETED_DEVICE_FAMILY = "1,2";
			};
			name = Release;
		};
		8C7FF9D22A2F651D009E8834 /* Debug */ = {
			isa = XCBuildConfiguration;
			buildSettings = {
				ALWAYS_EMBED_SWIFT_STANDARD_LIBRARIES = YES;
				BUNDLE_LOADER = "$(TEST_HOST)";
				CODE_SIGN_STYLE = Automatic;
				CURRENT_PROJECT_VERSION = 1;
				GENERATE_INFOPLIST_FILE = YES;
				IPHONEOS_DEPLOYMENT_TARGET = 16.4;
				MARKETING_VERSION = 1.0;
				PRODUCT_BUNDLE_IDENTIFIER = "Utsav.I-Am-Rich-SwiftTests";
				PRODUCT_NAME = "$(TARGET_NAME)";
				SWIFT_EMIT_LOC_STRINGS = NO;
				SWIFT_VERSION = 5.0;
				TARGETED_DEVICE_FAMILY = "1,2";
				TEST_HOST = "$(BUILT_PRODUCTS_DIR)/I Am Rich Swift.app/$(BUNDLE_EXECUTABLE_FOLDER_PATH)/I Am Rich Swift";
			};
			name = Debug;
		};
		8C7FF9D32A2F651D009E8834 /* Release */ = {
			isa = XCBuildConfiguration;
			buildSettings = {
				ALWAYS_EMBED_SWIFT_STANDARD_LIBRARIES = YES;
				BUNDLE_LOADER = "$(TEST_HOST)";
				CODE_SIGN_STYLE = Automatic;
				CURRENT_PROJECT_VERSION = 1;
				GENERATE_INFOPLIST_FILE = YES;
				IPHONEOS_DEPLOYMENT_TARGET = 16.4;
				MARKETING_VERSION = 1.0;
				PRODUCT_BUNDLE_IDENTIFIER = "Utsav.I-Am-Rich-SwiftTests";
				PRODUCT_NAME = "$(TARGET_NAME)";
				SWIFT_EMIT_LOC_STRINGS = NO;
				SWIFT_VERSION = 5.0;
				TARGETED_DEVICE_FAMILY = "1,2";
				TEST_HOST = "$(BUILT_PRODUCTS_DIR)/I Am Rich Swift.app/$(BUNDLE_EXECUTABLE_FOLDER_PATH)/I Am Rich Swift";
			};
			name = Release;
		};
		8C7FF9D52A2F651D009E8834 /* Debug */ = {
			isa = XCBuildConfiguration;
			buildSettings = {
				ALWAYS_EMBED_SWIFT_STANDARD_LIBRARIES = YES;
				CODE_SIGN_STYLE = Automatic;
				CURRENT_PROJECT_VERSION = 1;
				GENERATE_INFOPLIST_FILE = YES;
				MARKETING_VERSION = 1.0;
				PRODUCT_BUNDLE_IDENTIFIER = "Utsav.I-Am-Rich-SwiftUITests";
				PRODUCT_NAME = "$(TARGET_NAME)";
				SWIFT_EMIT_LOC_STRINGS = NO;
				SWIFT_VERSION = 5.0;
				TARGETED_DEVICE_FAMILY = "1,2";
				TEST_TARGET_NAME = "I Am Rich Swift";
			};
			name = Debug;
		};
		8C7FF9D62A2F651D009E8834 /* Release */ = {
			isa = XCBuildConfiguration;
			buildSettings = {
				ALWAYS_EMBED_SWIFT_STANDARD_LIBRARIES = YES;
				CODE_SIGN_STYLE = Automatic;
				CURRENT_PROJECT_VERSION = 1;
				GENERATE_INFOPLIST_FILE = YES;
				MARKETING_VERSION = 1.0;
				PRODUCT_BUNDLE_IDENTIFIER = "Utsav.I-Am-Rich-SwiftUITests";
				PRODUCT_NAME = "$(TARGET_NAME)";
				SWIFT_EMIT_LOC_STRINGS = NO;
				SWIFT_VERSION = 5.0;
				TARGETED_DEVICE_FAMILY = "1,2";
				TEST_TARGET_NAME = "I Am Rich Swift";
			};
			name = Release;
		};
/* End XCBuildConfiguration section */

/* Begin XCConfigurationList section */
		8C7FF9A52A2F651B009E8834 /* Build configuration list for PBXProject "I Am Rich Swift" */ = {
			isa = XCConfigurationList;
			buildConfigurations = (
				8C7FF9CC2A2F651D009E8834 /* Debug */,
				8C7FF9CD2A2F651D009E8834 /* Release */,
			);
			defaultConfigurationIsVisible = 0;
			defaultConfigurationName = Release;
		};
		8C7FF9CE2A2F651D009E8834 /* Build configuration list for PBXNativeTarget "I Am Rich Swift" */ = {
			isa = XCConfigurationList;
			buildConfigurations = (
				8C7FF9CF2A2F651D009E8834 /* Debug */,
				8C7FF9D02A2F651D009E8834 /* Release */,
			);
			defaultConfigurationIsVisible = 0;
			defaultConfigurationName = Release;
		};
		8C7FF9D12A2F651D009E8834 /* Build configuration list for PBXNativeTarget "I Am Rich SwiftTests" */ = {
			isa = XCConfigurationList;
			buildConfigurations = (
				8C7FF9D22A2F651D009E8834 /* Debug */,
				8C7FF9D32A2F651D009E8834 /* Release */,
			);
			defaultConfigurationIsVisible = 0;
			defaultConfigurationName = Release;
		};
		8C7FF9D42A2F651D009E8834 /* Build configuration list for PBXNativeTarget "I Am Rich SwiftUITests" */ = {
			isa = XCConfigurationList;
			buildConfigurations = (
				8C7FF9D52A2F651D009E8834 /* Debug */,
				8C7FF9D62A2F651D009E8834 /* Release */,
			);
			defaultConfigurationIsVisible = 0;
			defaultConfigurationName = Release;
		};
/* End XCConfigurationList section */
	};
	rootObject = 8C7FF9A22A2F651B009E8834 /* Project object */;
}
